
Microsoft Visual Studio Solution File, Format Version 9.00
# Visual Studio 2005
Project("{8BC9CEB8-8B4A-11D0-8D11-00A0C91BC942}") = "Chunks", "Chunks\Chunks.vcproj", "{AE7B23EE-305A-483D-8994-46B888DF3730}"
EndProject
Project("{8BC9CEB8-8B4A-11D0-8D11-00A0C91BC942}") = "Events", "Events\Events.vcproj", "{246E2B74-363A-4226-83E3-8995FECF4A05}"
EndProject
Project("{8BC9CEB8-8B4A-11D0-8D11-00A0C91BC942}") = "GenApiParam", "GenApiParam\GenApiParam.vcproj", "{71458A5F-BD2A-4895-8273-27714D231544}"
EndProject
Project("{8BC9CEB8-8B4A-11D0-8D11-00A0C91BC942}") = "GrabTwoCameras", "GrabTwoCameras\GrabTwoCameras.vcproj", "{3AF45A41-A92F-419F-8502-1E7B66BA15D6}"
EndProject
Project("{8BC9CEB8-8B4A-11D0-8D11-00A0C91BC942}") = "OverlappedGrab", "OverlappedGrab\OverlappedGrab.vcproj", "{F0C0239C-3111-4257-B77A-429AB3C46C5D}"
EndProject
Project("{8BC9CEB8-8B4A-11D0-8D11-00A0C91BC942}") = "ParametrizeCamera", "ParametrizeCamera\ParametrizeCamera.vcproj", "{C4F7C44D-8902-46B3-8F0F-218C03275B62}"
EndProject
Project("{8BC9CEB8-8B4A-11D0-8D11-00A0C91BC942}") = "SimpleGrab", "SimpleGrab\SimpleGrab.vcproj", "{214EEA12-BAAD-4017-AE29-0A349D476FE3}"
EndProject
Project("{8BC9CEB8-8B4A-11D0-8D11-00A0C91BC942}") = "SurpriseRemoval", "SurpriseRemoval\SurpriseRemoval.vcproj", "{C67862AE-A534-47AC-B017-B2ED7748FAD4}"
EndProject
Project("{8BC9CEB8-8B4A-11D0-8D11-00A0C91BC942}") = "ActionCommands", "ActionCommands\ActionCommands.vcproj", "{022C0D61-BF74-4A66-9E65-B7321C0C8782}"
EndProject
Global
	GlobalSection(SolutionConfigurationPlatforms) = preSolution
		Debug|Win32 = Debug|Win32
		Debug|x64 = Debug|x64
		Release|Win32 = Release|Win32
		Release|x64 = Release|x64
	EndGlobalSection
	GlobalSection(ProjectConfigurationPlatforms) = postSolution
		{AE7B23EE-305A-483D-8994-46B888DF3730}.Debug|Win32.ActiveCfg = Debug|Win32
		{AE7B23EE-305A-483D-8994-46B888DF3730}.Debug|Win32.Build.0 = Debug|Win32
		{AE7B23EE-305A-483D-8994-46B888DF3730}.Debug|x64.ActiveCfg = Debug|x64
		{AE7B23EE-305A-483D-8994-46B888DF3730}.Debug|x64.Build.0 = Debug|x64
		{AE7B23EE-305A-483D-8994-46B888DF3730}.Release|Win32.ActiveCfg = Release|Win32
		{AE7B23EE-305A-483D-8994-46B888DF3730}.Release|Win32.Build.0 = Release|Win32
		{AE7B23EE-305A-483D-8994-46B888DF3730}.Release|x64.ActiveCfg = Release|x64
		{AE7B23EE-305A-483D-8994-46B888DF3730}.Release|x64.Build.0 = Release|x64
		{246E2B74-363A-4226-83E3-8995FECF4A05}.Debug|Win32.ActiveCfg = Debug|Win32
		{246E2B74-363A-4226-83E3-8995FECF4A05}.Debug|Win32.Build.0 = Debug|Win32
		{246E2B74-363A-4226-83E3-8995FECF4A05}.Debug|x64.ActiveCfg = Debug|x64
		{246E2B74-363A-4226-83E3-8995FECF4A05}.Debug|x64.Build.0 = Debug|x64
		{246E2B74-363A-4226-83E3-8995FECF4A05}.Release|Win32.ActiveCfg = Release|Win32
		{246E2B74-363A-4226-83E3-8995FECF4A05}.Release|Win32.Build.0 = Release|Win32
		{246E2B74-363A-4226-83E3-8995FECF4A05}.Release|x64.ActiveCfg = Release|x64
		{246E2B74-363A-4226-83E3-8995FECF4A05}.Release|x64.Build.0 = Release|x64
		{71458A5F-BD2A-4895-8273-27714D231544}.Debug|Win32.ActiveCfg = Debug|Win32
		{71458A5F-BD2A-4895-8273-27714D231544}.Debug|Win32.Build.0 = Debug|Win32
		{71458A5F-BD2A-4895-8273-27714D231544}.Debug|x64.ActiveCfg = Debug|x64
		{71458A5F-BD2A-4895-8273-27714D231544}.Debug|x64.Build.0 = Debug|x64
		{71458A5F-BD2A-4895-8273-27714D231544}.Release|Win32.ActiveCfg = Release|Win32
		{71458A5F-BD2A-4895-8273-27714D231544}.Release|Win32.Build.0 = Release|Win32
		{71458A5F-BD2A-4895-8273-27714D231544}.Release|x64.ActiveCfg = Release|x64
		{71458A5F-BD2A-4895-8273-27714D231544}.Release|x64.Build.0 = Release|x64
		{3AF45A41-A92F-419F-8502-1E7B66BA15D6}.Debug|Win32.ActiveCfg = Debug|Win32
		{3AF45A41-A92F-419F-8502-1E7B66BA15D6}.Debug|Win32.Build.0 = Debug|Win32
		{3AF45A41-A92F-419F-8502-1E7B66BA15D6}.Debug|x64.ActiveCfg = Debug|x64
		{3AF45A41-A92F-419F-8502-1E7B66BA15D6}.Debug|x64.Build.0 = Debug|x64
		{3AF45A41-A92F-419F-8502-1E7B66BA15D6}.Release|Win32.ActiveCfg = Release|Win32
		{3AF45A41-A92F-419F-8502-1E7B66BA15D6}.Release|Win32.Build.0 = Release|Win32
		{3AF45A41-A92F-419F-8502-1E7B66BA15D6}.Release|x64.ActiveCfg = Release|x64
		{3AF45A41-A92F-419F-8502-1E7B66BA15D6}.Release|x64.Build.0 = Release|x64
		{F0C0239C-3111-4257-B77A-429AB3C46C5D}.Debug|Win32.ActiveCfg = Debug|Win32
		{F0C0239C-3111-4257-B77A-429AB3C46C5D}.Debug|Win32.Build.0 = Debug|Win32
		{F0C0239C-3111-4257-B77A-429AB3C46C5D}.Debug|x64.ActiveCfg = Debug|x64
		{F0C0239C-3111-4257-B77A-429AB3C46C5D}.Debug|x64.Build.0 = Debug|x64
		{F0C0239C-3111-4257-B77A-429AB3C46C5D}.Release|Win32.ActiveCfg = Release|Win32
		{F0C0239C-3111-4257-B77A-429AB3C46C5D}.Release|Win32.Build.0 = Release|Win32
		{F0C0239C-3111-4257-B77A-429AB3C46C5D}.Release|x64.ActiveCfg = Release|x64
		{F0C0239C-3111-4257-B77A-429AB3C46C5D}.Release|x64.Build.0 = Release|x64
		{C4F7C44D-8902-46B3-8F0F-218C03275B62}.Debug|Win32.ActiveCfg = Debug|Win32
		{C4F7C44D-8902-46B3-8F0F-218C03275B62}.Debug|Win32.Build.0 = Debug|Win32
		{C4F7C44D-8902-46B3-8F0F-218C03275B62}.Debug|x64.ActiveCfg = Debug|x64
		{C4F7C44D-8902-46B3-8F0F-218C03275B62}.Debug|x64.Build.0 = Debug|x64
		{C4F7C44D-8902-46B3-8F0F-218C03275B62}.Release|Win32.ActiveCfg = Release|Win32
		{C4F7C44D-8902-46B3-8F0F-218C03275B62}.Release|Win32.Build.0 = Release|Win32
		{C4F7C44D-8902-46B3-8F0F-218C03275B62}.Release|x64.ActiveCfg = Release|x64
		{C4F7C44D-8902-46B3-8F0F-218C03275B62}.Release|x64.Build.0 = Release|x64
		{214EEA12-BAAD-4017-AE29-0A349D476FE3}.Debug|Win32.ActiveCfg = Debug|Win32
		{214EEA12-BAAD-4017-AE29-0A349D476FE3}.Debug|Win32.Build.0 = Debug|Win32
		{214EEA12-BAAD-4017-AE29-0A349D476FE3}.Debug|x64.ActiveCfg = Debug|x64
		{214EEA12-BAAD-4017-AE29-0A349D476FE3}.Debug|x64.Build.0 = Debug|x64
		{214EEA12-BAAD-4017-AE29-0A349D476FE3}.Release|Win32.ActiveCfg = Release|Win32
		{214EEA12-BAAD-4017-AE29-0A349D476FE3}.Release|Win32.Build.0 = Release|Win32
		{214EEA12-BAAD-4017-AE29-0A349D476FE3}.Release|x64.ActiveCfg = Release|x64
		{214EEA12-BAAD-4017-AE29-0A349D476FE3}.Release|x64.Build.0 = Release|x64
		{C67862AE-A534-47AC-B017-B2ED7748FAD4}.Debug|Win32.ActiveCfg = Debug|Win32
		{C67862AE-A534-47AC-B017-B2ED7748FAD4}.Debug|Win32.Build.0 = Debug|Win32
		{C67862AE-A534-47AC-B017-B2ED7748FAD4}.Debug|x64.ActiveCfg = Debug|x64
		{C67862AE-A534-47AC-B017-B2ED7748FAD4}.Debug|x64.Build.0 = Debug|x64
		{C67862AE-A534-47AC-B017-B2ED7748FAD4}.Release|Win32.ActiveCfg = Release|Win32
		{C67862AE-A534-47AC-B017-B2ED7748FAD4}.Release|Win32.Build.0 = Release|Win32
		{C67862AE-A534-47AC-B017-B2ED7748FAD4}.Release|x64.ActiveCfg = Release|x64
		{C67862AE-A534-47AC-B017-B2ED7748FAD4}.Release|x64.Build.0 = Release|x64
		{022C0D61-BF74-4A66-9E65-B7321C0C8782}.Debug|Win32.ActiveCfg = Debug|Win32
		{022C0D61-BF74-4A66-9E65-B7321C0C8782}.Debug|Win32.Build.0 = Debug|Win32
		{022C0D61-BF74-4A66-9E65-B7321C0C8782}.Debug|x64.ActiveCfg = Debug|x64
		{022C0D61-BF74-4A66-9E65-B7321C0C8782}.Debug|x64.Build.0 = Debug|x64
		{022C0D61-BF74-4A66-9E65-B7321C0C8782}.Release|Win32.ActiveCfg = Release|Win32
		{022C0D61-BF74-4A66-9E65-B7321C0C8782}.Release|Win32.Build.0 = Release|Win32
		{022C0D61-BF74-4A66-9E65-B7321C0C8782}.Release|x64.ActiveCfg = Release|x64
		{022C0D61-BF74-4A66-9E65-B7321C0C8782}.Release|x64.Build.0 = Release|x64
	EndGlobalSection
	GlobalSection(SolutionProperties) = preSolution
		HideSolutionNode = FALSE
	EndGlobalSection
EndGlobal
