
Microsoft Visual Studio Solution File, Format Version 9.00
# Visual Studio 2005
Project("{8BC9CEB8-8B4A-11D0-8D11-00A0C91BC942}") = "DeviceRemovalHandling", "DeviceRemovalHandling\DeviceRemovalHandling_Universal.vcproj", "{5C6EEC28-B958-4EE3-8355-12EE0A7B7C1B}"
EndProject
Project("{8BC9CEB8-8B4A-11D0-8D11-00A0C91BC942}") = "Grab", "Grab\Grab_Universal.vcproj", "{9CE2A9A4-2EFB-4EF7-B54D-6B44317D4B59}"
EndProject
Project("{8BC9CEB8-8B4A-11D0-8D11-00A0C91BC942}") = "Grab_CameraEvents_Universal", "Grab_CameraEvents\Grab_CameraEvents_Universal.vcproj", "{D3BF02C6-1F3B-499A-8A7A-D43DE0977F1D}"
EndProject
Project("{8BC9CEB8-8B4A-11D0-8D11-00A0C91BC942}") = "Grab_ChunkImage_Universal", "Grab_ChunkImage\Grab_ChunkImage_Universal.vcproj", "{D4F3C239-8F0B-4B18-88ED-F44B744BDD77}"
EndProject
Project("{8BC9CEB8-8B4A-11D0-8D11-00A0C91BC942}") = "Grab_MultiCast_Universal", "Grab_MultiCast\Grab_MultiCast_Universal.vcproj", "{AF707626-0FE7-427C-8680-0D79C263CD59}"
EndProject
Project("{8BC9CEB8-8B4A-11D0-8D11-00A0C91BC942}") = "Grab_MultipleCameras", "Grab_MultipleCameras\Grab_MultipleCameras_Universal.vcproj", "{B3B82EC5-A014-4B0E-AC16-BBC1511EFD97}"
EndProject
Project("{8BC9CEB8-8B4A-11D0-8D11-00A0C91BC942}") = "Grab_Strategies", "Grab_Strategies\Grab_Strategies_Universal.vcproj", "{9B3B350C-3DE3-4550-87FD-C265450C3D6D}"
EndProject
Project("{8BC9CEB8-8B4A-11D0-8D11-00A0C91BC942}") = "Grab_UsingActionCommand_Universal", "Grab_UsingActionCommand\Grab_UsingActionCommand_Universal.vcproj", "{E3B379D7-A525-4FDC-A066-49FF85ABF071}"
EndProject
Project("{8BC9CEB8-8B4A-11D0-8D11-00A0C91BC942}") = "Grab_UsingBufferFactory", "Grab_UsingBufferFactory\Grab_UsingBufferFactory_Universal.vcproj", "{A0914FEC-7B73-434F-801D-C9277B431D50}"
EndProject
Project("{8BC9CEB8-8B4A-11D0-8D11-00A0C91BC942}") = "Grab_UsingExposureEndEvent_Universal", "Grab_UsingExposureEndEvent\Grab_UsingExposureEndEvent_Universal.vcproj", "{8FB63EF9-62B5-455D-A6BE-C14CB962FE87}"
EndProject
Project("{8BC9CEB8-8B4A-11D0-8D11-00A0C91BC942}") = "Grab_UsingGrabLoopThread", "Grab_UsingGrabLoopThread\Grab_UsingGrabLoopThread_Universal.vcproj", "{B408E030-810D-4149-BBB6-6F5B965327ED}"
EndProject
Project("{8BC9CEB8-8B4A-11D0-8D11-00A0C91BC942}") = "Grab_UsingSequencer_Universal", "Grab_UsingSequencer\Grab_UsingSequencer_Universal.vcproj", "{BC9020E0-9201-44F2-A39F-76B5C4D25A97}"
EndProject
Project("{8BC9CEB8-8B4A-11D0-8D11-00A0C91BC942}") = "GUI_ImageWindow", "GUI_ImageWindow\GUI_ImageWindow_Universal.vcproj", "{5E062282-31B1-44A6-83BF-13B9A6694966}"
EndProject
Project("{8BC9CEB8-8B4A-11D0-8D11-00A0C91BC942}") = "GuiSample", "GUI_MFC\GuiSample_Universal.vcproj", "{9CB7E9AF-FCCD-4BFB-8245-0AC119B885A5}"
EndProject
Project("{8BC9CEB8-8B4A-11D0-8D11-00A0C91BC942}") = "ParametrizeCamera_AutoFunctions_Universal", "ParametrizeCamera_AutoFunctions\ParametrizeCamera_AutoFunctions_Universal.vcproj", "{DAC2933B-0F4D-430A-B757-73D30581DD3E}"
EndProject
Project("{8BC9CEB8-8B4A-11D0-8D11-00A0C91BC942}") = "ParametrizeCamera_Configurations", "ParametrizeCamera_Configurations\ParametrizeCamera_Configurations_Universal.vcproj", "{2F8097F7-7110-4362-934E-22FB8C05F519}"
EndProject
Project("{8BC9CEB8-8B4A-11D0-8D11-00A0C91BC942}") = "ParametrizeCamera_GenericParameterAccess", "ParametrizeCamera_GenericParameterAccess\ParametrizeCamera_GenericParameterAccess_Universal.vcproj", "{AE8B6A5D-C35F-46B2-AE28-F1A4A11B9B65}"
EndProject
Project("{8BC9CEB8-8B4A-11D0-8D11-00A0C91BC942}") = "ParametrizeCamera_LoadAndSave", "ParametrizeCamera_LoadAndSave\ParametrizeCamera_LoadAndSave_Universal.vcproj", "{42A64120-CBCF-42B4-AC22-C4AEEDB02860}"
EndProject
Project("{8BC9CEB8-8B4A-11D0-8D11-00A0C91BC942}") = "ParametrizeCamera_LookupTable_Universal", "ParametrizeCamera_LookupTable\ParametrizeCamera_LookupTable_Universal.vcproj", "{EEA9320E-0470-4383-8FB4-27D0653B3B05}"
EndProject
Project("{8BC9CEB8-8B4A-11D0-8D11-00A0C91BC942}") = "ParametrizeCamera_NativeParameterAccess_Universal", "ParametrizeCamera_NativeParameterAccess\ParametrizeCamera_NativeParameterAccess_Universal.vcproj", "{A3374088-7A07-467E-A5BA-86ABA7B02729}"
EndProject
Project("{8BC9CEB8-8B4A-11D0-8D11-00A0C91BC942}") = "ParametrizeCamera_Shading_Universal", "ParametrizeCamera_Shading\ParametrizeCamera_Shading_Universal.vcproj", "{9F187CD5-07AE-4FBB-BF30-6C876B89940D}"
EndProject
Project("{8BC9CEB8-8B4A-11D0-8D11-00A0C91BC942}") = "ParametrizeCamera_UserSets_Universal", "ParametrizeCamera_UserSets\ParametrizeCamera_UserSets_Universal.vcproj", "{393DC46B-F5E8-4390-88D3-17E79FB38345}"
EndProject
Project("{8BC9CEB8-8B4A-11D0-8D11-00A0C91BC942}") = "Utility_GrabAvi", "Utility_GrabAvi\Utility_GrabAvi_Universal.vcproj", "{3AC33CB6-7A66-4BA3-B38B-3DFFEF8A64DE}"
EndProject
Project("{8BC9CEB8-8B4A-11D0-8D11-00A0C91BC942}") = "Utility_GrabVideo", "Utility_GrabVideo\Utility_GrabVideo_Universal.vcproj", "{ECD52EAF-C481-4B93-B332-82B7FCD1F5A2}"
EndProject
Project("{8BC9CEB8-8B4A-11D0-8D11-00A0C91BC942}") = "Utility_Image", "Utility_Image\Utility_Image_Universal.vcproj", "{19D14524-5AC3-4957-AF52-678BBB009723}"
EndProject
Project("{8BC9CEB8-8B4A-11D0-8D11-00A0C91BC942}") = "Utility_ImageFormatConverter", "Utility_ImageFormatConverter\Utility_ImageFormatConverter_Universal.vcproj", "{84989A7F-7132-4F7E-8F18-924BECFBEBD0}"
EndProject
Project("{8BC9CEB8-8B4A-11D0-8D11-00A0C91BC942}") = "Utility_ImageLoadAndSave", "Utility_ImageLoadAndSave\Utility_ImageLoadAndSave_Universal.vcproj", "{9DAD6EFF-716E-47BC-886C-1E144D6727D7}"
EndProject
Global
	GlobalSection(SolutionConfigurationPlatforms) = preSolution
		Debug|Win32 = Debug|Win32
		Debug|x64 = Debug|x64
		Release|Win32 = Release|Win32
		Release|x64 = Release|x64
	EndGlobalSection
	GlobalSection(ProjectConfigurationPlatforms) = postSolution
		{5C6EEC28-B958-4EE3-8355-12EE0A7B7C1B}.Debug|Win32.ActiveCfg = Debug|Win32
		{5C6EEC28-B958-4EE3-8355-12EE0A7B7C1B}.Debug|Win32.Build.0 = Debug|Win32
		{5C6EEC28-B958-4EE3-8355-12EE0A7B7C1B}.Debug|x64.ActiveCfg = Debug|x64
		{5C6EEC28-B958-4EE3-8355-12EE0A7B7C1B}.Debug|x64.Build.0 = Debug|x64
		{5C6EEC28-B958-4EE3-8355-12EE0A7B7C1B}.Release|Win32.ActiveCfg = Release|Win32
		{5C6EEC28-B958-4EE3-8355-12EE0A7B7C1B}.Release|Win32.Build.0 = Release|Win32
		{5C6EEC28-B958-4EE3-8355-12EE0A7B7C1B}.Release|x64.ActiveCfg = Release|x64
		{5C6EEC28-B958-4EE3-8355-12EE0A7B7C1B}.Release|x64.Build.0 = Release|x64
		{9CE2A9A4-2EFB-4EF7-B54D-6B44317D4B59}.Debug|Win32.ActiveCfg = Debug|Win32
		{9CE2A9A4-2EFB-4EF7-B54D-6B44317D4B59}.Debug|Win32.Build.0 = Debug|Win32
		{9CE2A9A4-2EFB-4EF7-B54D-6B44317D4B59}.Debug|x64.ActiveCfg = Debug|x64
		{9CE2A9A4-2EFB-4EF7-B54D-6B44317D4B59}.Debug|x64.Build.0 = Debug|x64
		{9CE2A9A4-2EFB-4EF7-B54D-6B44317D4B59}.Release|Win32.ActiveCfg = Release|Win32
		{9CE2A9A4-2EFB-4EF7-B54D-6B44317D4B59}.Release|Win32.Build.0 = Release|Win32
		{9CE2A9A4-2EFB-4EF7-B54D-6B44317D4B59}.Release|x64.ActiveCfg = Release|x64
		{9CE2A9A4-2EFB-4EF7-B54D-6B44317D4B59}.Release|x64.Build.0 = Release|x64
		{D3BF02C6-1F3B-499A-8A7A-D43DE0977F1D}.Debug|Win32.ActiveCfg = Debug|Win32
		{D3BF02C6-1F3B-499A-8A7A-D43DE0977F1D}.Debug|Win32.Build.0 = Debug|Win32
		{D3BF02C6-1F3B-499A-8A7A-D43DE0977F1D}.Debug|x64.ActiveCfg = Debug|x64
		{D3BF02C6-1F3B-499A-8A7A-D43DE0977F1D}.Debug|x64.Build.0 = Debug|x64
		{D3BF02C6-1F3B-499A-8A7A-D43DE0977F1D}.Release|Win32.ActiveCfg = Release|Win32
		{D3BF02C6-1F3B-499A-8A7A-D43DE0977F1D}.Release|Win32.Build.0 = Release|Win32
		{D3BF02C6-1F3B-499A-8A7A-D43DE0977F1D}.Release|x64.ActiveCfg = Release|x64
		{D3BF02C6-1F3B-499A-8A7A-D43DE0977F1D}.Release|x64.Build.0 = Release|x64
		{D4F3C239-8F0B-4B18-88ED-F44B744BDD77}.Debug|Win32.ActiveCfg = Debug|Win32
		{D4F3C239-8F0B-4B18-88ED-F44B744BDD77}.Debug|Win32.Build.0 = Debug|Win32
		{D4F3C239-8F0B-4B18-88ED-F44B744BDD77}.Debug|x64.ActiveCfg = Debug|x64
		{D4F3C239-8F0B-4B18-88ED-F44B744BDD77}.Debug|x64.Build.0 = Debug|x64
		{D4F3C239-8F0B-4B18-88ED-F44B744BDD77}.Release|Win32.ActiveCfg = Release|Win32
		{D4F3C239-8F0B-4B18-88ED-F44B744BDD77}.Release|Win32.Build.0 = Release|Win32
		{D4F3C239-8F0B-4B18-88ED-F44B744BDD77}.Release|x64.ActiveCfg = Release|x64
		{D4F3C239-8F0B-4B18-88ED-F44B744BDD77}.Release|x64.Build.0 = Release|x64
		{AF707626-0FE7-427C-8680-0D79C263CD59}.Debug|Win32.ActiveCfg = Debug|Win32
		{AF707626-0FE7-427C-8680-0D79C263CD59}.Debug|Win32.Build.0 = Debug|Win32
		{AF707626-0FE7-427C-8680-0D79C263CD59}.Debug|x64.ActiveCfg = Debug|x64
		{AF707626-0FE7-427C-8680-0D79C263CD59}.Debug|x64.Build.0 = Debug|x64
		{AF707626-0FE7-427C-8680-0D79C263CD59}.Release|Win32.ActiveCfg = Release|Win32
		{AF707626-0FE7-427C-8680-0D79C263CD59}.Release|Win32.Build.0 = Release|Win32
		{AF707626-0FE7-427C-8680-0D79C263CD59}.Release|x64.ActiveCfg = Release|x64
		{AF707626-0FE7-427C-8680-0D79C263CD59}.Release|x64.Build.0 = Release|x64
		{B3B82EC5-A014-4B0E-AC16-BBC1511EFD97}.Debug|Win32.ActiveCfg = Debug|Win32
		{B3B82EC5-A014-4B0E-AC16-BBC1511EFD97}.Debug|Win32.Build.0 = Debug|Win32
		{B3B82EC5-A014-4B0E-AC16-BBC1511EFD97}.Debug|x64.ActiveCfg = Debug|x64
		{B3B82EC5-A014-4B0E-AC16-BBC1511EFD97}.Debug|x64.Build.0 = Debug|x64
		{B3B82EC5-A014-4B0E-AC16-BBC1511EFD97}.Release|Win32.ActiveCfg = Release|Win32
		{B3B82EC5-A014-4B0E-AC16-BBC1511EFD97}.Release|Win32.Build.0 = Release|Win32
		{B3B82EC5-A014-4B0E-AC16-BBC1511EFD97}.Release|x64.ActiveCfg = Release|x64
		{B3B82EC5-A014-4B0E-AC16-BBC1511EFD97}.Release|x64.Build.0 = Release|x64
		{9B3B350C-3DE3-4550-87FD-C265450C3D6D}.Debug|Win32.ActiveCfg = Debug|Win32
		{9B3B350C-3DE3-4550-87FD-C265450C3D6D}.Debug|Win32.Build.0 = Debug|Win32
		{9B3B350C-3DE3-4550-87FD-C265450C3D6D}.Debug|x64.ActiveCfg = Debug|x64
		{9B3B350C-3DE3-4550-87FD-C265450C3D6D}.Debug|x64.Build.0 = Debug|x64
		{9B3B350C-3DE3-4550-87FD-C265450C3D6D}.Release|Win32.ActiveCfg = Release|Win32
		{9B3B350C-3DE3-4550-87FD-C265450C3D6D}.Release|Win32.Build.0 = Release|Win32
		{9B3B350C-3DE3-4550-87FD-C265450C3D6D}.Release|x64.ActiveCfg = Release|x64
		{9B3B350C-3DE3-4550-87FD-C265450C3D6D}.Release|x64.Build.0 = Release|x64
		{E3B379D7-A525-4FDC-A066-49FF85ABF071}.Debug|Win32.ActiveCfg = Debug|Win32
		{E3B379D7-A525-4FDC-A066-49FF85ABF071}.Debug|Win32.Build.0 = Debug|Win32
		{E3B379D7-A525-4FDC-A066-49FF85ABF071}.Debug|x64.ActiveCfg = Debug|x64
		{E3B379D7-A525-4FDC-A066-49FF85ABF071}.Debug|x64.Build.0 = Debug|x64
		{E3B379D7-A525-4FDC-A066-49FF85ABF071}.Release|Win32.ActiveCfg = Release|Win32
		{E3B379D7-A525-4FDC-A066-49FF85ABF071}.Release|Win32.Build.0 = Release|Win32
		{E3B379D7-A525-4FDC-A066-49FF85ABF071}.Release|x64.ActiveCfg = Release|x64
		{E3B379D7-A525-4FDC-A066-49FF85ABF071}.Release|x64.Build.0 = Release|x64
		{A0914FEC-7B73-434F-801D-C9277B431D50}.Debug|Win32.ActiveCfg = Debug|Win32
		{A0914FEC-7B73-434F-801D-C9277B431D50}.Debug|Win32.Build.0 = Debug|Win32
		{A0914FEC-7B73-434F-801D-C9277B431D50}.Debug|x64.ActiveCfg = Debug|x64
		{A0914FEC-7B73-434F-801D-C9277B431D50}.Debug|x64.Build.0 = Debug|x64
		{A0914FEC-7B73-434F-801D-C9277B431D50}.Release|Win32.ActiveCfg = Release|Win32
		{A0914FEC-7B73-434F-801D-C9277B431D50}.Release|Win32.Build.0 = Release|Win32
		{A0914FEC-7B73-434F-801D-C9277B431D50}.Release|x64.ActiveCfg = Release|x64
		{A0914FEC-7B73-434F-801D-C9277B431D50}.Release|x64.Build.0 = Release|x64
		{8FB63EF9-62B5-455D-A6BE-C14CB962FE87}.Debug|Win32.ActiveCfg = Debug|Win32
		{8FB63EF9-62B5-455D-A6BE-C14CB962FE87}.Debug|Win32.Build.0 = Debug|Win32
		{8FB63EF9-62B5-455D-A6BE-C14CB962FE87}.Debug|x64.ActiveCfg = Debug|x64
		{8FB63EF9-62B5-455D-A6BE-C14CB962FE87}.Debug|x64.Build.0 = Debug|x64
		{8FB63EF9-62B5-455D-A6BE-C14CB962FE87}.Release|Win32.ActiveCfg = Release|Win32
		{8FB63EF9-62B5-455D-A6BE-C14CB962FE87}.Release|Win32.Build.0 = Release|Win32
		{8FB63EF9-62B5-455D-A6BE-C14CB962FE87}.Release|x64.ActiveCfg = Release|x64
		{8FB63EF9-62B5-455D-A6BE-C14CB962FE87}.Release|x64.Build.0 = Release|x64
		{B408E030-810D-4149-BBB6-6F5B965327ED}.Debug|Win32.ActiveCfg = Debug|Win32
		{B408E030-810D-4149-BBB6-6F5B965327ED}.Debug|Win32.Build.0 = Debug|Win32
		{B408E030-810D-4149-BBB6-6F5B965327ED}.Debug|x64.ActiveCfg = Debug|x64
		{B408E030-810D-4149-BBB6-6F5B965327ED}.Debug|x64.Build.0 = Debug|x64
		{B408E030-810D-4149-BBB6-6F5B965327ED}.Release|Win32.ActiveCfg = Release|Win32
		{B408E030-810D-4149-BBB6-6F5B965327ED}.Release|Win32.Build.0 = Release|Win32
		{B408E030-810D-4149-BBB6-6F5B965327ED}.Release|x64.ActiveCfg = Release|x64
		{B408E030-810D-4149-BBB6-6F5B965327ED}.Release|x64.Build.0 = Release|x64
		{BC9020E0-9201-44F2-A39F-76B5C4D25A97}.Debug|Win32.ActiveCfg = Debug|Win32
		{BC9020E0-9201-44F2-A39F-76B5C4D25A97}.Debug|Win32.Build.0 = Debug|Win32
		{BC9020E0-9201-44F2-A39F-76B5C4D25A97}.Debug|x64.ActiveCfg = Debug|x64
		{BC9020E0-9201-44F2-A39F-76B5C4D25A97}.Debug|x64.Build.0 = Debug|x64
		{BC9020E0-9201-44F2-A39F-76B5C4D25A97}.Release|Win32.ActiveCfg = Release|Win32
		{BC9020E0-9201-44F2-A39F-76B5C4D25A97}.Release|Win32.Build.0 = Release|Win32
		{BC9020E0-9201-44F2-A39F-76B5C4D25A97}.Release|x64.ActiveCfg = Release|x64
		{BC9020E0-9201-44F2-A39F-76B5C4D25A97}.Release|x64.Build.0 = Release|x64
		{5E062282-31B1-44A6-83BF-13B9A6694966}.Debug|Win32.ActiveCfg = Debug|Win32
		{5E062282-31B1-44A6-83BF-13B9A6694966}.Debug|Win32.Build.0 = Debug|Win32
		{5E062282-31B1-44A6-83BF-13B9A6694966}.Debug|x64.ActiveCfg = Debug|x64
		{5E062282-31B1-44A6-83BF-13B9A6694966}.Debug|x64.Build.0 = Debug|x64
		{5E062282-31B1-44A6-83BF-13B9A6694966}.Release|Win32.ActiveCfg = Release|Win32
		{5E062282-31B1-44A6-83BF-13B9A6694966}.Release|Win32.Build.0 = Release|Win32
		{5E062282-31B1-44A6-83BF-13B9A6694966}.Release|x64.ActiveCfg = Release|x64
		{5E062282-31B1-44A6-83BF-13B9A6694966}.Release|x64.Build.0 = Release|x64
		{9CB7E9AF-FCCD-4BFB-8245-0AC119B885A5}.Debug|Win32.ActiveCfg = Debug|Win32
		{9CB7E9AF-FCCD-4BFB-8245-0AC119B885A5}.Debug|Win32.Build.0 = Debug|Win32
		{9CB7E9AF-FCCD-4BFB-8245-0AC119B885A5}.Debug|x64.ActiveCfg = Debug|x64
		{9CB7E9AF-FCCD-4BFB-8245-0AC119B885A5}.Debug|x64.Build.0 = Debug|x64
		{9CB7E9AF-FCCD-4BFB-8245-0AC119B885A5}.Release|Win32.ActiveCfg = Release|Win32
		{9CB7E9AF-FCCD-4BFB-8245-0AC119B885A5}.Release|Win32.Build.0 = Release|Win32
		{9CB7E9AF-FCCD-4BFB-8245-0AC119B885A5}.Release|x64.ActiveCfg = Release|x64
		{9CB7E9AF-FCCD-4BFB-8245-0AC119B885A5}.Release|x64.Build.0 = Release|x64
		{DAC2933B-0F4D-430A-B757-73D30581DD3E}.Debug|Win32.ActiveCfg = Debug|Win32
		{DAC2933B-0F4D-430A-B757-73D30581DD3E}.Debug|Win32.Build.0 = Debug|Win32
		{DAC2933B-0F4D-430A-B757-73D30581DD3E}.Debug|x64.ActiveCfg = Debug|x64
		{DAC2933B-0F4D-430A-B757-73D30581DD3E}.Debug|x64.Build.0 = Debug|x64
		{DAC2933B-0F4D-430A-B757-73D30581DD3E}.Release|Win32.ActiveCfg = Release|Win32
		{DAC2933B-0F4D-430A-B757-73D30581DD3E}.Release|Win32.Build.0 = Release|Win32
		{DAC2933B-0F4D-430A-B757-73D30581DD3E}.Release|x64.ActiveCfg = Release|x64
		{DAC2933B-0F4D-430A-B757-73D30581DD3E}.Release|x64.Build.0 = Release|x64
		{2F8097F7-7110-4362-934E-22FB8C05F519}.Debug|Win32.ActiveCfg = Debug|Win32
		{2F8097F7-7110-4362-934E-22FB8C05F519}.Debug|Win32.Build.0 = Debug|Win32
		{2F8097F7-7110-4362-934E-22FB8C05F519}.Debug|x64.ActiveCfg = Debug|x64
		{2F8097F7-7110-4362-934E-22FB8C05F519}.Debug|x64.Build.0 = Debug|x64
		{2F8097F7-7110-4362-934E-22FB8C05F519}.Release|Win32.ActiveCfg = Release|Win32
		{2F8097F7-7110-4362-934E-22FB8C05F519}.Release|Win32.Build.0 = Release|Win32
		{2F8097F7-7110-4362-934E-22FB8C05F519}.Release|x64.ActiveCfg = Release|x64
		{2F8097F7-7110-4362-934E-22FB8C05F519}.Release|x64.Build.0 = Release|x64
		{AE8B6A5D-C35F-46B2-AE28-F1A4A11B9B65}.Debug|Win32.ActiveCfg = Debug|Win32
		{AE8B6A5D-C35F-46B2-AE28-F1A4A11B9B65}.Debug|Win32.Build.0 = Debug|Win32
		{AE8B6A5D-C35F-46B2-AE28-F1A4A11B9B65}.Debug|x64.ActiveCfg = Debug|x64
		{AE8B6A5D-C35F-46B2-AE28-F1A4A11B9B65}.Debug|x64.Build.0 = Debug|x64
		{AE8B6A5D-C35F-46B2-AE28-F1A4A11B9B65}.Release|Win32.ActiveCfg = Release|Win32
		{AE8B6A5D-C35F-46B2-AE28-F1A4A11B9B65}.Release|Win32.Build.0 = Release|Win32
		{AE8B6A5D-C35F-46B2-AE28-F1A4A11B9B65}.Release|x64.ActiveCfg = Release|x64
		{AE8B6A5D-C35F-46B2-AE28-F1A4A11B9B65}.Release|x64.Build.0 = Release|x64
		{42A64120-CBCF-42B4-AC22-C4AEEDB02860}.Debug|Win32.ActiveCfg = Debug|Win32
		{42A64120-CBCF-42B4-AC22-C4AEEDB02860}.Debug|Win32.Build.0 = Debug|Win32
		{42A64120-CBCF-42B4-AC22-C4AEEDB02860}.Debug|x64.ActiveCfg = Debug|x64
		{42A64120-CBCF-42B4-AC22-C4AEEDB02860}.Debug|x64.Build.0 = Debug|x64
		{42A64120-CBCF-42B4-AC22-C4AEEDB02860}.Release|Win32.ActiveCfg = Release|Win32
		{42A64120-CBCF-42B4-AC22-C4AEEDB02860}.Release|Win32.Build.0 = Release|Win32
		{42A64120-CBCF-42B4-AC22-C4AEEDB02860}.Release|x64.ActiveCfg = Release|x64
		{42A64120-CBCF-42B4-AC22-C4AEEDB02860}.Release|x64.Build.0 = Release|x64
		{EEA9320E-0470-4383-8FB4-27D0653B3B05}.Debug|Win32.ActiveCfg = Debug|Win32
		{EEA9320E-0470-4383-8FB4-27D0653B3B05}.Debug|Win32.Build.0 = Debug|Win32
		{EEA9320E-0470-4383-8FB4-27D0653B3B05}.Debug|x64.ActiveCfg = Debug|x64
		{EEA9320E-0470-4383-8FB4-27D0653B3B05}.Debug|x64.Build.0 = Debug|x64
		{EEA9320E-0470-4383-8FB4-27D0653B3B05}.Release|Win32.ActiveCfg = Release|Win32
		{EEA9320E-0470-4383-8FB4-27D0653B3B05}.Release|Win32.Build.0 = Release|Win32
		{EEA9320E-0470-4383-8FB4-27D0653B3B05}.Release|x64.ActiveCfg = Release|x64
		{EEA9320E-0470-4383-8FB4-27D0653B3B05}.Release|x64.Build.0 = Release|x64
		{A3374088-7A07-467E-A5BA-86ABA7B02729}.Debug|Win32.ActiveCfg = Debug|Win32
		{A3374088-7A07-467E-A5BA-86ABA7B02729}.Debug|Win32.Build.0 = Debug|Win32
		{A3374088-7A07-467E-A5BA-86ABA7B02729}.Debug|x64.ActiveCfg = Debug|x64
		{A3374088-7A07-467E-A5BA-86ABA7B02729}.Debug|x64.Build.0 = Debug|x64
		{A3374088-7A07-467E-A5BA-86ABA7B02729}.Release|Win32.ActiveCfg = Release|Win32
		{A3374088-7A07-467E-A5BA-86ABA7B02729}.Release|Win32.Build.0 = Release|Win32
		{A3374088-7A07-467E-A5BA-86ABA7B02729}.Release|x64.ActiveCfg = Release|x64
		{A3374088-7A07-467E-A5BA-86ABA7B02729}.Release|x64.Build.0 = Release|x64
		{9F187CD5-07AE-4FBB-BF30-6C876B89940D}.Debug|Win32.ActiveCfg = Debug|Win32
		{9F187CD5-07AE-4FBB-BF30-6C876B89940D}.Debug|Win32.Build.0 = Debug|Win32
		{9F187CD5-07AE-4FBB-BF30-6C876B89940D}.Debug|x64.ActiveCfg = Debug|x64
		{9F187CD5-07AE-4FBB-BF30-6C876B89940D}.Debug|x64.Build.0 = Debug|x64
		{9F187CD5-07AE-4FBB-BF30-6C876B89940D}.Release|Win32.ActiveCfg = Release|Win32
		{9F187CD5-07AE-4FBB-BF30-6C876B89940D}.Release|Win32.Build.0 = Release|Win32
		{9F187CD5-07AE-4FBB-BF30-6C876B89940D}.Release|x64.ActiveCfg = Release|x64
		{9F187CD5-07AE-4FBB-BF30-6C876B89940D}.Release|x64.Build.0 = Release|x64
		{393DC46B-F5E8-4390-88D3-17E79FB38345}.Debug|Win32.ActiveCfg = Debug|Win32
		{393DC46B-F5E8-4390-88D3-17E79FB38345}.Debug|Win32.Build.0 = Debug|Win32
		{393DC46B-F5E8-4390-88D3-17E79FB38345}.Debug|x64.ActiveCfg = Debug|x64
		{393DC46B-F5E8-4390-88D3-17E79FB38345}.Debug|x64.Build.0 = Debug|x64
		{393DC46B-F5E8-4390-88D3-17E79FB38345}.Release|Win32.ActiveCfg = Release|Win32
		{393DC46B-F5E8-4390-88D3-17E79FB38345}.Release|Win32.Build.0 = Release|Win32
		{393DC46B-F5E8-4390-88D3-17E79FB38345}.Release|x64.ActiveCfg = Release|x64
		{393DC46B-F5E8-4390-88D3-17E79FB38345}.Release|x64.Build.0 = Release|x64
		{3AC33CB6-7A66-4BA3-B38B-3DFFEF8A64DE}.Debug|Win32.ActiveCfg = Debug|Win32
		{3AC33CB6-7A66-4BA3-B38B-3DFFEF8A64DE}.Debug|Win32.Build.0 = Debug|Win32
		{3AC33CB6-7A66-4BA3-B38B-3DFFEF8A64DE}.Debug|x64.ActiveCfg = Debug|x64
		{3AC33CB6-7A66-4BA3-B38B-3DFFEF8A64DE}.Debug|x64.Build.0 = Debug|x64
		{3AC33CB6-7A66-4BA3-B38B-3DFFEF8A64DE}.Release|Win32.ActiveCfg = Release|Win32
		{3AC33CB6-7A66-4BA3-B38B-3DFFEF8A64DE}.Release|Win32.Build.0 = Release|Win32
		{3AC33CB6-7A66-4BA3-B38B-3DFFEF8A64DE}.Release|x64.ActiveCfg = Release|x64
		{3AC33CB6-7A66-4BA3-B38B-3DFFEF8A64DE}.Release|x64.Build.0 = Release|x64
		{ECD52EAF-C481-4B93-B332-82B7FCD1F5A2}.Debug|Win32.ActiveCfg = Debug|Win32
		{ECD52EAF-C481-4B93-B332-82B7FCD1F5A2}.Debug|Win32.Build.0 = Debug|Win32
		{ECD52EAF-C481-4B93-B332-82B7FCD1F5A2}.Debug|x64.ActiveCfg = Debug|x64
		{ECD52EAF-C481-4B93-B332-82B7FCD1F5A2}.Debug|x64.Build.0 = Debug|x64
		{ECD52EAF-C481-4B93-B332-82B7FCD1F5A2}.Release|Win32.ActiveCfg = Release|Win32
		{ECD52EAF-C481-4B93-B332-82B7FCD1F5A2}.Release|Win32.Build.0 = Release|Win32
		{ECD52EAF-C481-4B93-B332-82B7FCD1F5A2}.Release|x64.ActiveCfg = Release|x64
		{ECD52EAF-C481-4B93-B332-82B7FCD1F5A2}.Release|x64.Build.0 = Release|x64
		{19D14524-5AC3-4957-AF52-678BBB009723}.Debug|Win32.ActiveCfg = Debug|Win32
		{19D14524-5AC3-4957-AF52-678BBB009723}.Debug|Win32.Build.0 = Debug|Win32
		{19D14524-5AC3-4957-AF52-678BBB009723}.Debug|x64.ActiveCfg = Debug|x64
		{19D14524-5AC3-4957-AF52-678BBB009723}.Debug|x64.Build.0 = Debug|x64
		{19D14524-5AC3-4957-AF52-678BBB009723}.Release|Win32.ActiveCfg = Release|Win32
		{19D14524-5AC3-4957-AF52-678BBB009723}.Release|Win32.Build.0 = Release|Win32
		{19D14524-5AC3-4957-AF52-678BBB009723}.Release|x64.ActiveCfg = Release|x64
		{19D14524-5AC3-4957-AF52-678BBB009723}.Release|x64.Build.0 = Release|x64
		{84989A7F-7132-4F7E-8F18-924BECFBEBD0}.Debug|Win32.ActiveCfg = Debug|Win32
		{84989A7F-7132-4F7E-8F18-924BECFBEBD0}.Debug|Win32.Build.0 = Debug|Win32
		{84989A7F-7132-4F7E-8F18-924BECFBEBD0}.Debug|x64.ActiveCfg = Debug|x64
		{84989A7F-7132-4F7E-8F18-924BECFBEBD0}.Debug|x64.Build.0 = Debug|x64
		{84989A7F-7132-4F7E-8F18-924BECFBEBD0}.Release|Win32.ActiveCfg = Release|Win32
		{84989A7F-7132-4F7E-8F18-924BECFBEBD0}.Release|Win32.Build.0 = Release|Win32
		{84989A7F-7132-4F7E-8F18-924BECFBEBD0}.Release|x64.ActiveCfg = Release|x64
		{84989A7F-7132-4F7E-8F18-924BECFBEBD0}.Release|x64.Build.0 = Release|x64
		{9DAD6EFF-716E-47BC-886C-1E144D6727D7}.Debug|Win32.ActiveCfg = Debug|Win32
		{9DAD6EFF-716E-47BC-886C-1E144D6727D7}.Debug|Win32.Build.0 = Debug|Win32
		{9DAD6EFF-716E-47BC-886C-1E144D6727D7}.Debug|x64.ActiveCfg = Debug|x64
		{9DAD6EFF-716E-47BC-886C-1E144D6727D7}.Debug|x64.Build.0 = Debug|x64
		{9DAD6EFF-716E-47BC-886C-1E144D6727D7}.Release|Win32.ActiveCfg = Release|Win32
		{9DAD6EFF-716E-47BC-886C-1E144D6727D7}.Release|Win32.Build.0 = Release|Win32
		{9DAD6EFF-716E-47BC-886C-1E144D6727D7}.Release|x64.ActiveCfg = Release|x64
		{9DAD6EFF-716E-47BC-886C-1E144D6727D7}.Release|x64.Build.0 = Release|x64
	EndGlobalSection
	GlobalSection(SolutionProperties) = preSolution
		HideSolutionNode = FALSE
	EndGlobalSection
	GlobalSection(DPCodeReviewSolutionGUID) = preSolution
		DPCodeReviewSolutionGUID = {00000000-0000-0000-0000-000000000000}
	EndGlobalSection
EndGlobal
