
Microsoft Visual Studio Solution File, Format Version 9.00
# Visual Studio 2005
Project("{8BC9CEB8-8B4A-11D0-8D11-00A0C91BC942}") = "DeviceRemovalHandling", "DeviceRemovalHandling\DeviceRemovalHandling_Usb.vcproj", "{5C6EEC28-B958-4EE3-8355-12EE0A7B7C1B}"
EndProject
Project("{8BC9CEB8-8B4A-11D0-8D11-00A0C91BC942}") = "Grab", "Grab\Grab_Usb.vcproj", "{9CE2A9A4-2EFB-4EF7-B54D-6B44317D4B59}"
EndProject
Project("{8BC9CEB8-8B4A-11D0-8D11-00A0C91BC942}") = "Grab_CameraEvents_Usb", "Grab_CameraEvents\Grab_CameraEvents_Usb.vcproj", "{DEBFE30A-939B-4F1B-B81E-10A0B5907202}"
EndProject
Project("{8BC9CEB8-8B4A-11D0-8D11-00A0C91BC942}") = "Grab_ChunkImage_Usb", "Grab_ChunkImage\Grab_ChunkImage_Usb.vcproj", "{AF914993-4662-4C7B-892E-667367B57712}"
EndProject
Project("{8BC9CEB8-8B4A-11D0-8D11-00A0C91BC942}") = "Grab_MultipleCameras", "Grab_MultipleCameras\Grab_MultipleCameras_Usb.vcproj", "{B3B82EC5-A014-4B0E-AC16-BBC1511EFD97}"
EndProject
Project("{8BC9CEB8-8B4A-11D0-8D11-00A0C91BC942}") = "Grab_Strategies", "Grab_Strategies\Grab_Strategies_Usb.vcproj", "{9B3B350C-3DE3-4550-87FD-C265450C3D6D}"
EndProject
Project("{8BC9CEB8-8B4A-11D0-8D11-00A0C91BC942}") = "Grab_UsingBufferFactory", "Grab_UsingBufferFactory\Grab_UsingBufferFactory_Usb.vcproj", "{A0914FEC-7B73-434F-801D-C9277B431D50}"
EndProject
Project("{8BC9CEB8-8B4A-11D0-8D11-00A0C91BC942}") = "Grab_UsingExposureEndEvent_Usb", "Grab_UsingExposureEndEvent\Grab_UsingExposureEndEvent_Usb.vcproj", "{30D849DB-8664-439C-B2ED-93999C870ADB}"
EndProject
Project("{8BC9CEB8-8B4A-11D0-8D11-00A0C91BC942}") = "Grab_UsingGrabLoopThread", "Grab_UsingGrabLoopThread\Grab_UsingGrabLoopThread_Usb.vcproj", "{B408E030-810D-4149-BBB6-6F5B965327ED}"
EndProject
Project("{8BC9CEB8-8B4A-11D0-8D11-00A0C91BC942}") = "Grab_UsingSequencer_Usb", "Grab_UsingSequencer\Grab_UsingSequencer_Usb.vcproj", "{CC2704FB-A50A-4951-AEAD-FD17690B6DF8}"
EndProject
Project("{8BC9CEB8-8B4A-11D0-8D11-00A0C91BC942}") = "GUI_ImageWindow", "GUI_ImageWindow\GUI_ImageWindow_Usb.vcproj", "{5E062282-31B1-44A6-83BF-13B9A6694966}"
EndProject
Project("{8BC9CEB8-8B4A-11D0-8D11-00A0C91BC942}") = "GuiSample", "GUI_MFC\GuiSample_Usb.vcproj", "{9CB7E9AF-FCCD-4BFB-8245-0AC119B885A5}"
EndProject
Project("{8BC9CEB8-8B4A-11D0-8D11-00A0C91BC942}") = "ParametrizeCamera_AutoFunctions_Usb", "ParametrizeCamera_AutoFunctions\ParametrizeCamera_AutoFunctions_Usb.vcproj", "{9CCEEC4D-89B5-42D3-A4A3-91F1986A20A8}"
EndProject
Project("{8BC9CEB8-8B4A-11D0-8D11-00A0C91BC942}") = "ParametrizeCamera_Configurations", "ParametrizeCamera_Configurations\ParametrizeCamera_Configurations_Usb.vcproj", "{2F8097F7-7110-4362-934E-22FB8C05F519}"
EndProject
Project("{8BC9CEB8-8B4A-11D0-8D11-00A0C91BC942}") = "ParametrizeCamera_GenericParameterAccess", "ParametrizeCamera_GenericParameterAccess\ParametrizeCamera_GenericParameterAccess_Usb.vcproj", "{AE8B6A5D-C35F-46B2-AE28-F1A4A11B9B65}"
EndProject
Project("{8BC9CEB8-8B4A-11D0-8D11-00A0C91BC942}") = "ParametrizeCamera_LoadAndSave", "ParametrizeCamera_LoadAndSave\ParametrizeCamera_LoadAndSave_Usb.vcproj", "{42A64120-CBCF-42B4-AC22-C4AEEDB02860}"
EndProject
Project("{8BC9CEB8-8B4A-11D0-8D11-00A0C91BC942}") = "ParametrizeCamera_NativeParameterAccess_Usb", "ParametrizeCamera_NativeParameterAccess\ParametrizeCamera_NativeParameterAccess_Usb.vcproj", "{6EAED3AD-EF83-4FFE-AEE2-D4867AEA7B19}"
EndProject
Project("{8BC9CEB8-8B4A-11D0-8D11-00A0C91BC942}") = "ParametrizeCamera_UserSets_Usb", "ParametrizeCamera_UserSets\ParametrizeCamera_UserSets_Usb.vcproj", "{1E2BBA74-5BC6-47A8-A3AE-F06BCAB77C9D}"
EndProject
Project("{8BC9CEB8-8B4A-11D0-8D11-00A0C91BC942}") = "Utility_GrabAvi", "Utility_GrabAvi\Utility_GrabAvi_Usb.vcproj", "{3AC33CB6-7A66-4BA3-B38B-3DFFEF8A64DE}"
EndProject
Project("{8BC9CEB8-8B4A-11D0-8D11-00A0C91BC942}") = "Utility_GrabVideo", "Utility_GrabVideo\Utility_GrabVideo_Usb.vcproj", "{ECD52EAF-C481-4B93-B332-82B7FCD1F5A2}"
EndProject
Project("{8BC9CEB8-8B4A-11D0-8D11-00A0C91BC942}") = "Utility_Image", "Utility_Image\Utility_Image_Usb.vcproj", "{19D14524-5AC3-4957-AF52-678BBB009723}"
EndProject
Project("{8BC9CEB8-8B4A-11D0-8D11-00A0C91BC942}") = "Utility_ImageFormatConverter", "Utility_ImageFormatConverter\Utility_ImageFormatConverter_Usb.vcproj", "{84989A7F-7132-4F7E-8F18-924BECFBEBD0}"
EndProject
Project("{8BC9CEB8-8B4A-11D0-8D11-00A0C91BC942}") = "Utility_ImageLoadAndSave", "Utility_ImageLoadAndSave\Utility_ImageLoadAndSave_Usb.vcproj", "{9DAD6EFF-716E-47BC-886C-1E144D6727D7}"
EndProject
Global
	GlobalSection(SolutionConfigurationPlatforms) = preSolution
		Debug|Win32 = Debug|Win32
		Debug|x64 = Debug|x64
		Release|Win32 = Release|Win32
		Release|x64 = Release|x64
	EndGlobalSection
	GlobalSection(ProjectConfigurationPlatforms) = postSolution
		{5C6EEC28-B958-4EE3-8355-12EE0A7B7C1B}.Debug|Win32.ActiveCfg = Debug|Win32
		{5C6EEC28-B958-4EE3-8355-12EE0A7B7C1B}.Debug|Win32.Build.0 = Debug|Win32
		{5C6EEC28-B958-4EE3-8355-12EE0A7B7C1B}.Debug|x64.ActiveCfg = Debug|x64
		{5C6EEC28-B958-4EE3-8355-12EE0A7B7C1B}.Debug|x64.Build.0 = Debug|x64
		{5C6EEC28-B958-4EE3-8355-12EE0A7B7C1B}.Release|Win32.ActiveCfg = Release|Win32
		{5C6EEC28-B958-4EE3-8355-12EE0A7B7C1B}.Release|Win32.Build.0 = Release|Win32
		{5C6EEC28-B958-4EE3-8355-12EE0A7B7C1B}.Release|x64.ActiveCfg = Release|x64
		{5C6EEC28-B958-4EE3-8355-12EE0A7B7C1B}.Release|x64.Build.0 = Release|x64
		{9CE2A9A4-2EFB-4EF7-B54D-6B44317D4B59}.Debug|Win32.ActiveCfg = Debug|Win32
		{9CE2A9A4-2EFB-4EF7-B54D-6B44317D4B59}.Debug|Win32.Build.0 = Debug|Win32
		{9CE2A9A4-2EFB-4EF7-B54D-6B44317D4B59}.Debug|x64.ActiveCfg = Debug|x64
		{9CE2A9A4-2EFB-4EF7-B54D-6B44317D4B59}.Debug|x64.Build.0 = Debug|x64
		{9CE2A9A4-2EFB-4EF7-B54D-6B44317D4B59}.Release|Win32.ActiveCfg = Release|Win32
		{9CE2A9A4-2EFB-4EF7-B54D-6B44317D4B59}.Release|Win32.Build.0 = Release|Win32
		{9CE2A9A4-2EFB-4EF7-B54D-6B44317D4B59}.Release|x64.ActiveCfg = Release|x64
		{9CE2A9A4-2EFB-4EF7-B54D-6B44317D4B59}.Release|x64.Build.0 = Release|x64
		{DEBFE30A-939B-4F1B-B81E-10A0B5907202}.Debug|Win32.ActiveCfg = Debug|Win32
		{DEBFE30A-939B-4F1B-B81E-10A0B5907202}.Debug|Win32.Build.0 = Debug|Win32
		{DEBFE30A-939B-4F1B-B81E-10A0B5907202}.Debug|x64.ActiveCfg = Debug|x64
		{DEBFE30A-939B-4F1B-B81E-10A0B5907202}.Debug|x64.Build.0 = Debug|x64
		{DEBFE30A-939B-4F1B-B81E-10A0B5907202}.Release|Win32.ActiveCfg = Release|Win32
		{DEBFE30A-939B-4F1B-B81E-10A0B5907202}.Release|Win32.Build.0 = Release|Win32
		{DEBFE30A-939B-4F1B-B81E-10A0B5907202}.Release|x64.ActiveCfg = Release|x64
		{DEBFE30A-939B-4F1B-B81E-10A0B5907202}.Release|x64.Build.0 = Release|x64
		{AF914993-4662-4C7B-892E-667367B57712}.Debug|Win32.ActiveCfg = Debug|Win32
		{AF914993-4662-4C7B-892E-667367B57712}.Debug|Win32.Build.0 = Debug|Win32
		{AF914993-4662-4C7B-892E-667367B57712}.Debug|x64.ActiveCfg = Debug|x64
		{AF914993-4662-4C7B-892E-667367B57712}.Debug|x64.Build.0 = Debug|x64
		{AF914993-4662-4C7B-892E-667367B57712}.Release|Win32.ActiveCfg = Release|Win32
		{AF914993-4662-4C7B-892E-667367B57712}.Release|Win32.Build.0 = Release|Win32
		{AF914993-4662-4C7B-892E-667367B57712}.Release|x64.ActiveCfg = Release|x64
		{AF914993-4662-4C7B-892E-667367B57712}.Release|x64.Build.0 = Release|x64
		{B3B82EC5-A014-4B0E-AC16-BBC1511EFD97}.Debug|Win32.ActiveCfg = Debug|Win32
		{B3B82EC5-A014-4B0E-AC16-BBC1511EFD97}.Debug|Win32.Build.0 = Debug|Win32
		{B3B82EC5-A014-4B0E-AC16-BBC1511EFD97}.Debug|x64.ActiveCfg = Debug|x64
		{B3B82EC5-A014-4B0E-AC16-BBC1511EFD97}.Debug|x64.Build.0 = Debug|x64
		{B3B82EC5-A014-4B0E-AC16-BBC1511EFD97}.Release|Win32.ActiveCfg = Release|Win32
		{B3B82EC5-A014-4B0E-AC16-BBC1511EFD97}.Release|Win32.Build.0 = Release|Win32
		{B3B82EC5-A014-4B0E-AC16-BBC1511EFD97}.Release|x64.ActiveCfg = Release|x64
		{B3B82EC5-A014-4B0E-AC16-BBC1511EFD97}.Release|x64.Build.0 = Release|x64
		{9B3B350C-3DE3-4550-87FD-C265450C3D6D}.Debug|Win32.ActiveCfg = Debug|Win32
		{9B3B350C-3DE3-4550-87FD-C265450C3D6D}.Debug|Win32.Build.0 = Debug|Win32
		{9B3B350C-3DE3-4550-87FD-C265450C3D6D}.Debug|x64.ActiveCfg = Debug|x64
		{9B3B350C-3DE3-4550-87FD-C265450C3D6D}.Debug|x64.Build.0 = Debug|x64
		{9B3B350C-3DE3-4550-87FD-C265450C3D6D}.Release|Win32.ActiveCfg = Release|Win32
		{9B3B350C-3DE3-4550-87FD-C265450C3D6D}.Release|Win32.Build.0 = Release|Win32
		{9B3B350C-3DE3-4550-87FD-C265450C3D6D}.Release|x64.ActiveCfg = Release|x64
		{9B3B350C-3DE3-4550-87FD-C265450C3D6D}.Release|x64.Build.0 = Release|x64
		{A0914FEC-7B73-434F-801D-C9277B431D50}.Debug|Win32.ActiveCfg = Debug|Win32
		{A0914FEC-7B73-434F-801D-C9277B431D50}.Debug|Win32.Build.0 = Debug|Win32
		{A0914FEC-7B73-434F-801D-C9277B431D50}.Debug|x64.ActiveCfg = Debug|x64
		{A0914FEC-7B73-434F-801D-C9277B431D50}.Debug|x64.Build.0 = Debug|x64
		{A0914FEC-7B73-434F-801D-C9277B431D50}.Release|Win32.ActiveCfg = Release|Win32
		{A0914FEC-7B73-434F-801D-C9277B431D50}.Release|Win32.Build.0 = Release|Win32
		{A0914FEC-7B73-434F-801D-C9277B431D50}.Release|x64.ActiveCfg = Release|x64
		{A0914FEC-7B73-434F-801D-C9277B431D50}.Release|x64.Build.0 = Release|x64
		{30D849DB-8664-439C-B2ED-93999C870ADB}.Debug|Win32.ActiveCfg = Debug|Win32
		{30D849DB-8664-439C-B2ED-93999C870ADB}.Debug|Win32.Build.0 = Debug|Win32
		{30D849DB-8664-439C-B2ED-93999C870ADB}.Debug|x64.ActiveCfg = Debug|x64
		{30D849DB-8664-439C-B2ED-93999C870ADB}.Debug|x64.Build.0 = Debug|x64
		{30D849DB-8664-439C-B2ED-93999C870ADB}.Release|Win32.ActiveCfg = Release|Win32
		{30D849DB-8664-439C-B2ED-93999C870ADB}.Release|Win32.Build.0 = Release|Win32
		{30D849DB-8664-439C-B2ED-93999C870ADB}.Release|x64.ActiveCfg = Release|x64
		{30D849DB-8664-439C-B2ED-93999C870ADB}.Release|x64.Build.0 = Release|x64
		{B408E030-810D-4149-BBB6-6F5B965327ED}.Debug|Win32.ActiveCfg = Debug|Win32
		{B408E030-810D-4149-BBB6-6F5B965327ED}.Debug|Win32.Build.0 = Debug|Win32
		{B408E030-810D-4149-BBB6-6F5B965327ED}.Debug|x64.ActiveCfg = Debug|x64
		{B408E030-810D-4149-BBB6-6F5B965327ED}.Debug|x64.Build.0 = Debug|x64
		{B408E030-810D-4149-BBB6-6F5B965327ED}.Release|Win32.ActiveCfg = Release|Win32
		{B408E030-810D-4149-BBB6-6F5B965327ED}.Release|Win32.Build.0 = Release|Win32
		{B408E030-810D-4149-BBB6-6F5B965327ED}.Release|x64.ActiveCfg = Release|x64
		{B408E030-810D-4149-BBB6-6F5B965327ED}.Release|x64.Build.0 = Release|x64
		{CC2704FB-A50A-4951-AEAD-FD17690B6DF8}.Debug|Win32.ActiveCfg = Debug|Win32
		{CC2704FB-A50A-4951-AEAD-FD17690B6DF8}.Debug|Win32.Build.0 = Debug|Win32
		{CC2704FB-A50A-4951-AEAD-FD17690B6DF8}.Debug|x64.ActiveCfg = Debug|x64
		{CC2704FB-A50A-4951-AEAD-FD17690B6DF8}.Debug|x64.Build.0 = Debug|x64
		{CC2704FB-A50A-4951-AEAD-FD17690B6DF8}.Release|Win32.ActiveCfg = Release|Win32
		{CC2704FB-A50A-4951-AEAD-FD17690B6DF8}.Release|Win32.Build.0 = Release|Win32
		{CC2704FB-A50A-4951-AEAD-FD17690B6DF8}.Release|x64.ActiveCfg = Release|x64
		{CC2704FB-A50A-4951-AEAD-FD17690B6DF8}.Release|x64.Build.0 = Release|x64
		{5E062282-31B1-44A6-83BF-13B9A6694966}.Debug|Win32.ActiveCfg = Debug|Win32
		{5E062282-31B1-44A6-83BF-13B9A6694966}.Debug|Win32.Build.0 = Debug|Win32
		{5E062282-31B1-44A6-83BF-13B9A6694966}.Debug|x64.ActiveCfg = Debug|x64
		{5E062282-31B1-44A6-83BF-13B9A6694966}.Debug|x64.Build.0 = Debug|x64
		{5E062282-31B1-44A6-83BF-13B9A6694966}.Release|Win32.ActiveCfg = Release|Win32
		{5E062282-31B1-44A6-83BF-13B9A6694966}.Release|Win32.Build.0 = Release|Win32
		{5E062282-31B1-44A6-83BF-13B9A6694966}.Release|x64.ActiveCfg = Release|x64
		{5E062282-31B1-44A6-83BF-13B9A6694966}.Release|x64.Build.0 = Release|x64
		{9CB7E9AF-FCCD-4BFB-8245-0AC119B885A5}.Debug|Win32.ActiveCfg = Debug|Win32
		{9CB7E9AF-FCCD-4BFB-8245-0AC119B885A5}.Debug|Win32.Build.0 = Debug|Win32
		{9CB7E9AF-FCCD-4BFB-8245-0AC119B885A5}.Debug|x64.ActiveCfg = Debug|x64
		{9CB7E9AF-FCCD-4BFB-8245-0AC119B885A5}.Debug|x64.Build.0 = Debug|x64
		{9CB7E9AF-FCCD-4BFB-8245-0AC119B885A5}.Release|Win32.ActiveCfg = Release|Win32
		{9CB7E9AF-FCCD-4BFB-8245-0AC119B885A5}.Release|Win32.Build.0 = Release|Win32
		{9CB7E9AF-FCCD-4BFB-8245-0AC119B885A5}.Release|x64.ActiveCfg = Release|x64
		{9CB7E9AF-FCCD-4BFB-8245-0AC119B885A5}.Release|x64.Build.0 = Release|x64
		{9CCEEC4D-89B5-42D3-A4A3-91F1986A20A8}.Debug|Win32.ActiveCfg = Debug|Win32
		{9CCEEC4D-89B5-42D3-A4A3-91F1986A20A8}.Debug|Win32.Build.0 = Debug|Win32
		{9CCEEC4D-89B5-42D3-A4A3-91F1986A20A8}.Debug|x64.ActiveCfg = Debug|x64
		{9CCEEC4D-89B5-42D3-A4A3-91F1986A20A8}.Debug|x64.Build.0 = Debug|x64
		{9CCEEC4D-89B5-42D3-A4A3-91F1986A20A8}.Release|Win32.ActiveCfg = Release|Win32
		{9CCEEC4D-89B5-42D3-A4A3-91F1986A20A8}.Release|Win32.Build.0 = Release|Win32
		{9CCEEC4D-89B5-42D3-A4A3-91F1986A20A8}.Release|x64.ActiveCfg = Release|x64
		{9CCEEC4D-89B5-42D3-A4A3-91F1986A20A8}.Release|x64.Build.0 = Release|x64
		{2F8097F7-7110-4362-934E-22FB8C05F519}.Debug|Win32.ActiveCfg = Debug|Win32
		{2F8097F7-7110-4362-934E-22FB8C05F519}.Debug|Win32.Build.0 = Debug|Win32
		{2F8097F7-7110-4362-934E-22FB8C05F519}.Debug|x64.ActiveCfg = Debug|x64
		{2F8097F7-7110-4362-934E-22FB8C05F519}.Debug|x64.Build.0 = Debug|x64
		{2F8097F7-7110-4362-934E-22FB8C05F519}.Release|Win32.ActiveCfg = Release|Win32
		{2F8097F7-7110-4362-934E-22FB8C05F519}.Release|Win32.Build.0 = Release|Win32
		{2F8097F7-7110-4362-934E-22FB8C05F519}.Release|x64.ActiveCfg = Release|x64
		{2F8097F7-7110-4362-934E-22FB8C05F519}.Release|x64.Build.0 = Release|x64
		{AE8B6A5D-C35F-46B2-AE28-F1A4A11B9B65}.Debug|Win32.ActiveCfg = Debug|Win32
		{AE8B6A5D-C35F-46B2-AE28-F1A4A11B9B65}.Debug|Win32.Build.0 = Debug|Win32
		{AE8B6A5D-C35F-46B2-AE28-F1A4A11B9B65}.Debug|x64.ActiveCfg = Debug|x64
		{AE8B6A5D-C35F-46B2-AE28-F1A4A11B9B65}.Debug|x64.Build.0 = Debug|x64
		{AE8B6A5D-C35F-46B2-AE28-F1A4A11B9B65}.Release|Win32.ActiveCfg = Release|Win32
		{AE8B6A5D-C35F-46B2-AE28-F1A4A11B9B65}.Release|Win32.Build.0 = Release|Win32
		{AE8B6A5D-C35F-46B2-AE28-F1A4A11B9B65}.Release|x64.ActiveCfg = Release|x64
		{AE8B6A5D-C35F-46B2-AE28-F1A4A11B9B65}.Release|x64.Build.0 = Release|x64
		{42A64120-CBCF-42B4-AC22-C4AEEDB02860}.Debug|Win32.ActiveCfg = Debug|Win32
		{42A64120-CBCF-42B4-AC22-C4AEEDB02860}.Debug|Win32.Build.0 = Debug|Win32
		{42A64120-CBCF-42B4-AC22-C4AEEDB02860}.Debug|x64.ActiveCfg = Debug|x64
		{42A64120-CBCF-42B4-AC22-C4AEEDB02860}.Debug|x64.Build.0 = Debug|x64
		{42A64120-CBCF-42B4-AC22-C4AEEDB02860}.Release|Win32.ActiveCfg = Release|Win32
		{42A64120-CBCF-42B4-AC22-C4AEEDB02860}.Release|Win32.Build.0 = Release|Win32
		{42A64120-CBCF-42B4-AC22-C4AEEDB02860}.Release|x64.ActiveCfg = Release|x64
		{42A64120-CBCF-42B4-AC22-C4AEEDB02860}.Release|x64.Build.0 = Release|x64
		{6EAED3AD-EF83-4FFE-AEE2-D4867AEA7B19}.Debug|Win32.ActiveCfg = Debug|Win32
		{6EAED3AD-EF83-4FFE-AEE2-D4867AEA7B19}.Debug|Win32.Build.0 = Debug|Win32
		{6EAED3AD-EF83-4FFE-AEE2-D4867AEA7B19}.Debug|x64.ActiveCfg = Debug|x64
		{6EAED3AD-EF83-4FFE-AEE2-D4867AEA7B19}.Debug|x64.Build.0 = Debug|x64
		{6EAED3AD-EF83-4FFE-AEE2-D4867AEA7B19}.Release|Win32.ActiveCfg = Release|Win32
		{6EAED3AD-EF83-4FFE-AEE2-D4867AEA7B19}.Release|Win32.Build.0 = Release|Win32
		{6EAED3AD-EF83-4FFE-AEE2-D4867AEA7B19}.Release|x64.ActiveCfg = Release|x64
		{6EAED3AD-EF83-4FFE-AEE2-D4867AEA7B19}.Release|x64.Build.0 = Release|x64
		{1E2BBA74-5BC6-47A8-A3AE-F06BCAB77C9D}.Debug|Win32.ActiveCfg = Debug|Win32
		{1E2BBA74-5BC6-47A8-A3AE-F06BCAB77C9D}.Debug|Win32.Build.0 = Debug|Win32
		{1E2BBA74-5BC6-47A8-A3AE-F06BCAB77C9D}.Debug|x64.ActiveCfg = Debug|x64
		{1E2BBA74-5BC6-47A8-A3AE-F06BCAB77C9D}.Debug|x64.Build.0 = Debug|x64
		{1E2BBA74-5BC6-47A8-A3AE-F06BCAB77C9D}.Release|Win32.ActiveCfg = Release|Win32
		{1E2BBA74-5BC6-47A8-A3AE-F06BCAB77C9D}.Release|Win32.Build.0 = Release|Win32
		{1E2BBA74-5BC6-47A8-A3AE-F06BCAB77C9D}.Release|x64.ActiveCfg = Release|x64
		{1E2BBA74-5BC6-47A8-A3AE-F06BCAB77C9D}.Release|x64.Build.0 = Release|x64
		{3AC33CB6-7A66-4BA3-B38B-3DFFEF8A64DE}.Debug|Win32.ActiveCfg = Debug|Win32
		{3AC33CB6-7A66-4BA3-B38B-3DFFEF8A64DE}.Debug|Win32.Build.0 = Debug|Win32
		{3AC33CB6-7A66-4BA3-B38B-3DFFEF8A64DE}.Debug|x64.ActiveCfg = Debug|x64
		{3AC33CB6-7A66-4BA3-B38B-3DFFEF8A64DE}.Debug|x64.Build.0 = Debug|x64
		{3AC33CB6-7A66-4BA3-B38B-3DFFEF8A64DE}.Release|Win32.ActiveCfg = Release|Win32
		{3AC33CB6-7A66-4BA3-B38B-3DFFEF8A64DE}.Release|Win32.Build.0 = Release|Win32
		{3AC33CB6-7A66-4BA3-B38B-3DFFEF8A64DE}.Release|x64.ActiveCfg = Release|x64
		{3AC33CB6-7A66-4BA3-B38B-3DFFEF8A64DE}.Release|x64.Build.0 = Release|x64
		{ECD52EAF-C481-4B93-B332-82B7FCD1F5A2}.Debug|Win32.ActiveCfg = Debug|Win32
		{ECD52EAF-C481-4B93-B332-82B7FCD1F5A2}.Debug|Win32.Build.0 = Debug|Win32
		{ECD52EAF-C481-4B93-B332-82B7FCD1F5A2}.Debug|x64.ActiveCfg = Debug|x64
		{ECD52EAF-C481-4B93-B332-82B7FCD1F5A2}.Debug|x64.Build.0 = Debug|x64
		{ECD52EAF-C481-4B93-B332-82B7FCD1F5A2}.Release|Win32.ActiveCfg = Release|Win32
		{ECD52EAF-C481-4B93-B332-82B7FCD1F5A2}.Release|Win32.Build.0 = Release|Win32
		{ECD52EAF-C481-4B93-B332-82B7FCD1F5A2}.Release|x64.ActiveCfg = Release|x64
		{ECD52EAF-C481-4B93-B332-82B7FCD1F5A2}.Release|x64.Build.0 = Release|x64
		{19D14524-5AC3-4957-AF52-678BBB009723}.Debug|Win32.ActiveCfg = Debug|Win32
		{19D14524-5AC3-4957-AF52-678BBB009723}.Debug|Win32.Build.0 = Debug|Win32
		{19D14524-5AC3-4957-AF52-678BBB009723}.Debug|x64.ActiveCfg = Debug|x64
		{19D14524-5AC3-4957-AF52-678BBB009723}.Debug|x64.Build.0 = Debug|x64
		{19D14524-5AC3-4957-AF52-678BBB009723}.Release|Win32.ActiveCfg = Release|Win32
		{19D14524-5AC3-4957-AF52-678BBB009723}.Release|Win32.Build.0 = Release|Win32
		{19D14524-5AC3-4957-AF52-678BBB009723}.Release|x64.ActiveCfg = Release|x64
		{19D14524-5AC3-4957-AF52-678BBB009723}.Release|x64.Build.0 = Release|x64
		{84989A7F-7132-4F7E-8F18-924BECFBEBD0}.Debug|Win32.ActiveCfg = Debug|Win32
		{84989A7F-7132-4F7E-8F18-924BECFBEBD0}.Debug|Win32.Build.0 = Debug|Win32
		{84989A7F-7132-4F7E-8F18-924BECFBEBD0}.Debug|x64.ActiveCfg = Debug|x64
		{84989A7F-7132-4F7E-8F18-924BECFBEBD0}.Debug|x64.Build.0 = Debug|x64
		{84989A7F-7132-4F7E-8F18-924BECFBEBD0}.Release|Win32.ActiveCfg = Release|Win32
		{84989A7F-7132-4F7E-8F18-924BECFBEBD0}.Release|Win32.Build.0 = Release|Win32
		{84989A7F-7132-4F7E-8F18-924BECFBEBD0}.Release|x64.ActiveCfg = Release|x64
		{84989A7F-7132-4F7E-8F18-924BECFBEBD0}.Release|x64.Build.0 = Release|x64
		{9DAD6EFF-716E-47BC-886C-1E144D6727D7}.Debug|Win32.ActiveCfg = Debug|Win32
		{9DAD6EFF-716E-47BC-886C-1E144D6727D7}.Debug|Win32.Build.0 = Debug|Win32
		{9DAD6EFF-716E-47BC-886C-1E144D6727D7}.Debug|x64.ActiveCfg = Debug|x64
		{9DAD6EFF-716E-47BC-886C-1E144D6727D7}.Debug|x64.Build.0 = Debug|x64
		{9DAD6EFF-716E-47BC-886C-1E144D6727D7}.Release|Win32.ActiveCfg = Release|Win32
		{9DAD6EFF-716E-47BC-886C-1E144D6727D7}.Release|Win32.Build.0 = Release|Win32
		{9DAD6EFF-716E-47BC-886C-1E144D6727D7}.Release|x64.ActiveCfg = Release|x64
		{9DAD6EFF-716E-47BC-886C-1E144D6727D7}.Release|x64.Build.0 = Release|x64
	EndGlobalSection
	GlobalSection(SolutionProperties) = preSolution
		HideSolutionNode = FALSE
	EndGlobalSection
	GlobalSection(DPCodeReviewSolutionGUID) = preSolution
		DPCodeReviewSolutionGUID = {00000000-0000-0000-0000-000000000000}
	EndGlobalSection
EndGlobal
