
Microsoft Visual Studio Solution File, Format Version 9.00
# Visual Studio 2005
Project("{8BC9CEB8-8B4A-11D0-8D11-00A0C91BC942}") = "LegacyAcquireSingleFrame_GigE", "LegacyAcquireSingleFrame\LegacyAcquireSingleFrame_GigE.vcproj", "{0551E36F-4CF0-4F08-A8DB-6916253530E7}"
EndProject
Project("{8BC9CEB8-8B4A-11D0-8D11-00A0C91BC942}") = "LegacyAcquireSingleFrame_Gen", "LegacyAcquireSingleFrame_Gen\LegacyAcquireSingleFrame_Gen_GigE.vcproj", "{4C40B654-5FDD-420E-A636-7690BE42D973}"
EndProject
Project("{8BC9CEB8-8B4A-11D0-8D11-00A0C91BC942}") = "LegacyAcquireSingleFrame_ChunkImage_GigE", "LegacyAcquireSingleFrame_ChunkImage\LegacyAcquireSingleFrame_ChunkImage_GigE.vcproj", "{41E6B0C6-9FD2-41EA-AD7B-8F9525A891DD}"
EndProject
Project("{8BC9CEB8-8B4A-11D0-8D11-00A0C91BC942}") = "LegacyCameraEvents_GigE", "LegacyCameraEvents\LegacyCameraEvents_GigE.vcproj", "{CFD9AD65-7806-433C-BA87-A401B7C6919A}"
EndProject
Project("{8BC9CEB8-8B4A-11D0-8D11-00A0C91BC942}") = "LegacyRegisterRemovalCallback", "LegacyRegisterRemovalCallback\LegacyRegisterRemovalCallback_GigE.vcproj", "{881B2297-BBF4-4A39-9E7A-FE8CD79C4729}"
EndProject
Global
	GlobalSection(SolutionConfigurationPlatforms) = preSolution
		Debug|Win32 = Debug|Win32
		Debug|x64 = Debug|x64
		Release|Win32 = Release|Win32
		Release|x64 = Release|x64
	EndGlobalSection
	GlobalSection(ProjectConfigurationPlatforms) = postSolution
		{0551E36F-4CF0-4F08-A8DB-6916253530E7}.Debug|Win32.ActiveCfg = Debug|Win32
		{0551E36F-4CF0-4F08-A8DB-6916253530E7}.Debug|Win32.Build.0 = Debug|Win32
		{0551E36F-4CF0-4F08-A8DB-6916253530E7}.Debug|x64.ActiveCfg = Debug|x64
		{0551E36F-4CF0-4F08-A8DB-6916253530E7}.Debug|x64.Build.0 = Debug|x64
		{0551E36F-4CF0-4F08-A8DB-6916253530E7}.Release|Win32.ActiveCfg = Release|Win32
		{0551E36F-4CF0-4F08-A8DB-6916253530E7}.Release|Win32.Build.0 = Release|Win32
		{0551E36F-4CF0-4F08-A8DB-6916253530E7}.Release|x64.ActiveCfg = Release|x64
		{0551E36F-4CF0-4F08-A8DB-6916253530E7}.Release|x64.Build.0 = Release|x64
		{4C40B654-5FDD-420E-A636-7690BE42D973}.Debug|Win32.ActiveCfg = Debug|Win32
		{4C40B654-5FDD-420E-A636-7690BE42D973}.Debug|Win32.Build.0 = Debug|Win32
		{4C40B654-5FDD-420E-A636-7690BE42D973}.Debug|x64.ActiveCfg = Debug|x64
		{4C40B654-5FDD-420E-A636-7690BE42D973}.Debug|x64.Build.0 = Debug|x64
		{4C40B654-5FDD-420E-A636-7690BE42D973}.Release|Win32.ActiveCfg = Release|Win32
		{4C40B654-5FDD-420E-A636-7690BE42D973}.Release|Win32.Build.0 = Release|Win32
		{4C40B654-5FDD-420E-A636-7690BE42D973}.Release|x64.ActiveCfg = Release|x64
		{4C40B654-5FDD-420E-A636-7690BE42D973}.Release|x64.Build.0 = Release|x64
		{41E6B0C6-9FD2-41EA-AD7B-8F9525A891DD}.Debug|Win32.ActiveCfg = Debug|Win32
		{41E6B0C6-9FD2-41EA-AD7B-8F9525A891DD}.Debug|Win32.Build.0 = Debug|Win32
		{41E6B0C6-9FD2-41EA-AD7B-8F9525A891DD}.Debug|x64.ActiveCfg = Debug|x64
		{41E6B0C6-9FD2-41EA-AD7B-8F9525A891DD}.Debug|x64.Build.0 = Debug|x64
		{41E6B0C6-9FD2-41EA-AD7B-8F9525A891DD}.Release|Win32.ActiveCfg = Release|Win32
		{41E6B0C6-9FD2-41EA-AD7B-8F9525A891DD}.Release|Win32.Build.0 = Release|Win32
		{41E6B0C6-9FD2-41EA-AD7B-8F9525A891DD}.Release|x64.ActiveCfg = Release|x64
		{41E6B0C6-9FD2-41EA-AD7B-8F9525A891DD}.Release|x64.Build.0 = Release|x64
		{CFD9AD65-7806-433C-BA87-A401B7C6919A}.Debug|Win32.ActiveCfg = Debug|Win32
		{CFD9AD65-7806-433C-BA87-A401B7C6919A}.Debug|Win32.Build.0 = Debug|Win32
		{CFD9AD65-7806-433C-BA87-A401B7C6919A}.Debug|x64.ActiveCfg = Debug|x64
		{CFD9AD65-7806-433C-BA87-A401B7C6919A}.Debug|x64.Build.0 = Debug|x64
		{CFD9AD65-7806-433C-BA87-A401B7C6919A}.Release|Win32.ActiveCfg = Release|Win32
		{CFD9AD65-7806-433C-BA87-A401B7C6919A}.Release|Win32.Build.0 = Release|Win32
		{CFD9AD65-7806-433C-BA87-A401B7C6919A}.Release|x64.ActiveCfg = Release|x64
		{CFD9AD65-7806-433C-BA87-A401B7C6919A}.Release|x64.Build.0 = Release|x64
		{881B2297-BBF4-4A39-9E7A-FE8CD79C4729}.Debug|Win32.ActiveCfg = Debug|Win32
		{881B2297-BBF4-4A39-9E7A-FE8CD79C4729}.Debug|Win32.Build.0 = Debug|Win32
		{881B2297-BBF4-4A39-9E7A-FE8CD79C4729}.Debug|x64.ActiveCfg = Debug|x64
		{881B2297-BBF4-4A39-9E7A-FE8CD79C4729}.Debug|x64.Build.0 = Debug|x64
		{881B2297-BBF4-4A39-9E7A-FE8CD79C4729}.Release|Win32.ActiveCfg = Release|Win32
		{881B2297-BBF4-4A39-9E7A-FE8CD79C4729}.Release|Win32.Build.0 = Release|Win32
		{881B2297-BBF4-4A39-9E7A-FE8CD79C4729}.Release|x64.ActiveCfg = Release|x64
		{881B2297-BBF4-4A39-9E7A-FE8CD79C4729}.Release|x64.Build.0 = Release|x64
	EndGlobalSection
	GlobalSection(SolutionProperties) = preSolution
		HideSolutionNode = FALSE
	EndGlobalSection
	GlobalSection(DPCodeReviewSolutionGUID) = preSolution
		DPCodeReviewSolutionGUID = {00000000-0000-0000-0000-000000000000}
	EndGlobalSection
EndGlobal
